
Microsoft Visual Studio Solution File, Format Version 12.00
# Visual Studio Version 16
VisualStudioVersion = 16.0.33529.622
MinimumVisualStudioVersion = 10.0.40219.1
Project("{8BC9CEB8-8B4A-11D0-8D11-00A0C91BC942}") = "SimulateWaterAndFog", "Builds\SimulateWaterAndFog\SimulateWaterAndFog.vcxproj", "{7C0BF5AE-BB2F-45E8-9E85-80AC8FA8956C}"
EndProject
Project("{8BC9CEB8-8B4A-11D0-8D11-00A0C91BC942}") = "SkeletalAnimation", "Builds\SkeletalAnimation\SkeletalAnimation.vcxproj", "{74ABEEA1-B1FB-4E85-814E-808B9403A0D8}"
EndProject
Project("{8BC9CEB8-8B4A-11D0-8D11-00A0C91BC942}") = "TwoBoxes", "Builds\TwoBoxes\TwoBoxes.vcxproj", "{1431B4B5-2970-47D6-8762-3325F20B88DA}"
EndProject
Project("{8BC9CEB8-8B4A-11D0-8D11-00A0C91BC942}") = "DSAExample", "Builds\DSAExample\DSAExample.vcxproj", "{2A9CF870-6D61-412F-AACA-0B3D95A52F68}"
EndProject
Project("{8BC9CEB8-8B4A-11D0-8D11-00A0C91BC942}") = "ParallaxMapping", "Builds\ParallaxMapping\ParallaxMapping.vcxproj", "{2B340C06-CFB8-445C-931C-310DE8D04783}"
EndProject
Global
	GlobalSection(SolutionConfigurationPlatforms) = preSolution
		Debug|x86 = Debug|x86
	EndGlobalSection
	GlobalSection(ProjectConfigurationPlatforms) = postSolution
		{7C0BF5AE-BB2F-45E8-9E85-80AC8FA8956C}.Debug|x86.ActiveCfg = Debug|Win32
		{7C0BF5AE-BB2F-45E8-9E85-80AC8FA8956C}.Debug|x86.Build.0 = Debug|Win32
		{74ABEEA1-B1FB-4E85-814E-808B9403A0D8}.Debug|x86.ActiveCfg = Debug|Win32
		{74ABEEA1-B1FB-4E85-814E-808B9403A0D8}.Debug|x86.Build.0 = Debug|Win32
		{1431B4B5-2970-47D6-8762-3325F20B88DA}.Debug|x86.ActiveCfg = Debug|Win32
		{1431B4B5-2970-47D6-8762-3325F20B88DA}.Debug|x86.Build.0 = Debug|Win32
		{2A9CF870-6D61-412F-AACA-0B3D95A52F68}.Debug|x86.ActiveCfg = Debug|Win32
		{2A9CF870-6D61-412F-AACA-0B3D95A52F68}.Debug|x86.Build.0 = Debug|Win32
		{2B340C06-CFB8-445C-931C-310DE8D04783}.Debug|x86.ActiveCfg = Debug|Win32
		{2B340C06-CFB8-445C-931C-310DE8D04783}.Debug|x86.Build.0 = Debug|Win32
	EndGlobalSection
	GlobalSection(SolutionProperties) = preSolution
		HideSolutionNode = FALSE
	EndGlobalSection
	GlobalSection(ExtensibilityGlobals) = postSolution
		SolutionGuid = {06CEFC9B-CAD7-4B03-9973-7A27B5CFC591}
	EndGlobalSection
EndGlobal
